
Microsoft Visual Studio Solution File, Format Version 12.00
# Visual Studio Version 16
VisualStudioVersion = 16.0.29911.84
MinimumVisualStudioVersion = 10.0.40219.1
Project("{FAE04EC0-301F-11D3-BF4B-00C04F79EFBC}") = "DekanatSerializer", "DekanatSerializer\DekanatSerializer.csproj", "{917FD033-6D34-4EAF-933C-E44F702B89FB}"
EndProject
Project("{FAE04EC0-301F-11D3-BF4B-00C04F79EFBC}") = "Business", "Business\Business.csproj", "{26FF7082-2A6E-4CC2-B08A-23A3B0050FE3}"
EndProject
Project("{2150E333-8FDC-42A3-9474-1A3956D46DE8}") = "PresentationLayer", "PresentationLayer", "{68B8E3B1-4D5F-4ECF-B869-F7CC2BF03EDB}"
EndProject
Project("{2150E333-8FDC-42A3-9474-1A3956D46DE8}") = "BusinessLayer", "BusinessLayer", "{FC5670A2-E7A4-4427-9996-7F6C46A9CEEC}"
EndProject
Project("{2150E333-8FDC-42A3-9474-1A3956D46DE8}") = "DataAccessLayer", "DataAccessLayer", "{1AADA171-3337-470C-A2A6-4806B19604F5}"
EndProject
Project("{FAE04EC0-301F-11D3-BF4B-00C04F79EFBC}") = "DekContext", "DekContext\DekContext.csproj", "{697F675A-0E03-44CA-BBED-6978B0012E34}"
EndProject
Project("{FAE04EC0-301F-11D3-BF4B-00C04F79EFBC}") = "XUnitTestDec", "XUnitTestDec\XUnitTestDec.csproj", "{E6C168AE-286C-4DFC-9CBD-B339438F5FFD}"
EndProject
Global
	GlobalSection(SolutionConfigurationPlatforms) = preSolution
		Debug|Any CPU = Debug|Any CPU
		Release|Any CPU = Release|Any CPU
	EndGlobalSection
	GlobalSection(ProjectConfigurationPlatforms) = postSolution
		{917FD033-6D34-4EAF-933C-E44F702B89FB}.Debug|Any CPU.ActiveCfg = Debug|Any CPU
		{917FD033-6D34-4EAF-933C-E44F702B89FB}.Debug|Any CPU.Build.0 = Debug|Any CPU
		{917FD033-6D34-4EAF-933C-E44F702B89FB}.Release|Any CPU.ActiveCfg = Release|Any CPU
		{917FD033-6D34-4EAF-933C-E44F702B89FB}.Release|Any CPU.Build.0 = Release|Any CPU
		{26FF7082-2A6E-4CC2-B08A-23A3B0050FE3}.Debug|Any CPU.ActiveCfg = Debug|Any CPU
		{26FF7082-2A6E-4CC2-B08A-23A3B0050FE3}.Debug|Any CPU.Build.0 = Debug|Any CPU
		{26FF7082-2A6E-4CC2-B08A-23A3B0050FE3}.Release|Any CPU.ActiveCfg = Release|Any CPU
		{26FF7082-2A6E-4CC2-B08A-23A3B0050FE3}.Release|Any CPU.Build.0 = Release|Any CPU
		{697F675A-0E03-44CA-BBED-6978B0012E34}.Debug|Any CPU.ActiveCfg = Debug|Any CPU
		{697F675A-0E03-44CA-BBED-6978B0012E34}.Debug|Any CPU.Build.0 = Debug|Any CPU
		{697F675A-0E03-44CA-BBED-6978B0012E34}.Release|Any CPU.ActiveCfg = Release|Any CPU
		{697F675A-0E03-44CA-BBED-6978B0012E34}.Release|Any CPU.Build.0 = Release|Any CPU
		{E6C168AE-286C-4DFC-9CBD-B339438F5FFD}.Debug|Any CPU.ActiveCfg = Debug|Any CPU
		{E6C168AE-286C-4DFC-9CBD-B339438F5FFD}.Debug|Any CPU.Build.0 = Debug|Any CPU
		{E6C168AE-286C-4DFC-9CBD-B339438F5FFD}.Release|Any CPU.ActiveCfg = Release|Any CPU
		{E6C168AE-286C-4DFC-9CBD-B339438F5FFD}.Release|Any CPU.Build.0 = Release|Any CPU
	EndGlobalSection
	GlobalSection(SolutionProperties) = preSolution
		HideSolutionNode = FALSE
	EndGlobalSection
	GlobalSection(NestedProjects) = preSolution
		{917FD033-6D34-4EAF-933C-E44F702B89FB} = {68B8E3B1-4D5F-4ECF-B869-F7CC2BF03EDB}
		{26FF7082-2A6E-4CC2-B08A-23A3B0050FE3} = {FC5670A2-E7A4-4427-9996-7F6C46A9CEEC}
		{697F675A-0E03-44CA-BBED-6978B0012E34} = {1AADA171-3337-470C-A2A6-4806B19604F5}
	EndGlobalSection
	GlobalSection(ExtensibilityGlobals) = postSolution
		SolutionGuid = {C3B67AFC-22D1-47A2-8EDB-769593044BF6}
	EndGlobalSection
EndGlobal
